// !$*UTF8*$!
{
	archiveVersion = 1;
	classes = {
	};
	objectVersion = 50;
	objects = {

/* Begin PBXBuildFile section */
		7D5F194496A674C65F254218 /* Pods_kakaogram.framework in Frameworks */ = {isa = PBXBuildFile; fileRef = 4E52604E3A6B38A2B1416E6A /* Pods_kakaogram.framework */; };
		CB6DDC592102F78600E1B133 /* AppDelegate.swift in Sources */ = {isa = PBXBuildFile; fileRef = CB6DDC582102F78600E1B133 /* AppDelegate.swift */; };
		CB6DDC5B2102F78600E1B133 /* FeedViewController.swift in Sources */ = {isa = PBXBuildFile; fileRef = CB6DDC5A2102F78600E1B133 /* FeedViewController.swift */; };
		CB6DDC5E2102F78600E1B133 /* Main.storyboard in Resources */ = {isa = PBXBuildFile; fileRef = CB6DDC5C2102F78600E1B133 /* Main.storyboard */; };
		CB6DDC602102F78700E1B133 /* Assets.xcassets in Resources */ = {isa = PBXBuildFile; fileRef = CB6DDC5F2102F78700E1B133 /* Assets.xcassets */; };
		CB6DDC632102F78700E1B133 /* LaunchScreen.storyboard in Resources */ = {isa = PBXBuildFile; fileRef = CB6DDC612102F78700E1B133 /* LaunchScreen.storyboard */; };
		CB6DDC6C210306B100E1B133 /* InstagramData.swift in Sources */ = {isa = PBXBuildFile; fileRef = CB6DDC6B210306B100E1B133 /* InstagramData.swift */; };
		CB6DDC70210310F900E1B133 /* Constants.swift in Sources */ = {isa = PBXBuildFile; fileRef = CB6DDC6F210310F900E1B133 /* Constants.swift */; };
		CB6DDC722103123700E1B133 /* LoginViewController.swift in Sources */ = {isa = PBXBuildFile; fileRef = CB6DDC712103123700E1B133 /* LoginViewController.swift */; };
		CBD8E92721041C7A004CB37C /* FeedCollectionViewCell.swift in Sources */ = {isa = PBXBuildFile; fileRef = CBD8E92621041C7A004CB37C /* FeedCollectionViewCell.swift */; };
		CBD8E929210435A8004CB37C /* FeedDetailViewController.swift in Sources */ = {isa = PBXBuildFile; fileRef = CBD8E928210435A8004CB37C /* FeedDetailViewController.swift */; };
/* End PBXBuildFile section */

/* Begin PBXFileReference section */
		251C074965F2C1BA7631A333 /* Pods-kakaogram.release.xcconfig */ = {isa = PBXFileReference; includeInIndex = 1; lastKnownFileType = text.xcconfig; name = "Pods-kakaogram.release.xcconfig"; path = "Pods/Target Support Files/Pods-kakaogram/Pods-kakaogram.release.xcconfig"; sourceTree = "<group>"; };
		4E52604E3A6B38A2B1416E6A /* Pods_kakaogram.framework */ = {isa = PBXFileReference; explicitFileType = wrapper.framework; includeInIndex = 0; path = Pods_kakaogram.framework; sourceTree = BUILT_PRODUCTS_DIR; };
		CB6DDC552102F78600E1B133 /* kakaogram.app */ = {isa = PBXFileReference; explicitFileType = wrapper.application; includeInIndex = 0; path = kakaogram.app; sourceTree = BUILT_PRODUCTS_DIR; };
		CB6DDC582102F78600E1B133 /* AppDelegate.swift */ = {isa = PBXFileReference; lastKnownFileType = sourcecode.swift; path = AppDelegate.swift; sourceTree = "<group>"; };
		CB6DDC5A2102F78600E1B133 /* FeedViewController.swift */ = {isa = PBXFileReference; lastKnownFileType = sourcecode.swift; path = FeedViewController.swift; sourceTree = "<group>"; };
		CB6DDC5D2102F78600E1B133 /* Base */ = {isa = PBXFileReference; lastKnownFileType = file.storyboard; name = Base; path = Base.lproj/Main.storyboard; sourceTree = "<group>"; };
		CB6DDC5F2102F78700E1B133 /* Assets.xcassets */ = {isa = PBXFileReference; lastKnownFileType = folder.assetcatalog; path = Assets.xcassets; sourceTree = "<group>"; };
		CB6DDC622102F78700E1B133 /* Base */ = {isa = PBXFileReference; lastKnownFileType = file.storyboard; name = Base; path = Base.lproj/LaunchScreen.storyboard; sourceTree = "<group>"; };
		CB6DDC642102F78700E1B133 /* Info.plist */ = {isa = PBXFileReference; lastKnownFileType = text.plist.xml; path = Info.plist; sourceTree = "<group>"; };
		CB6DDC6B210306B100E1B133 /* InstagramData.swift */ = {isa = PBXFileReference; lastKnownFileType = sourcecode.swift; path = InstagramData.swift; sourceTree = "<group>"; };
		CB6DDC6F210310F900E1B133 /* Constants.swift */ = {isa = PBXFileReference; lastKnownFileType = sourcecode.swift; path = Constants.swift; sourceTree = "<group>"; };
		CB6DDC712103123700E1B133 /* LoginViewController.swift */ = {isa = PBXFileReference; lastKnownFileType = sourcecode.swift; path = LoginViewController.swift; sourceTree = "<group>"; };
		CBD8E92621041C7A004CB37C /* FeedCollectionViewCell.swift */ = {isa = PBXFileReference; lastKnownFileType = sourcecode.swift; path = FeedCollectionViewCell.swift; sourceTree = "<group>"; };
		CBD8E928210435A8004CB37C /* FeedDetailViewController.swift */ = {isa = PBXFileReference; lastKnownFileType = sourcecode.swift; path = FeedDetailViewController.swift; sourceTree = "<group>"; };
		FFAA2B203AC359B832832ECD /* Pods-kakaogram.debug.xcconfig */ = {isa = PBXFileReference; includeInIndex = 1; lastKnownFileType = text.xcconfig; name = "Pods-kakaogram.debug.xcconfig"; path = "Pods/Target Support Files/Pods-kakaogram/Pods-kakaogram.debug.xcconfig"; sourceTree = "<group>"; };
/* End PBXFileReference section */

/* Begin PBXFrameworksBuildPhase section */
		CB6DDC522102F78600E1B133 /* Frameworks */ = {
			isa = PBXFrameworksBuildPhase;
			buildActionMask = 2147483647;
			files = (
				7D5F194496A674C65F254218 /* Pods_kakaogram.framework in Frameworks */,
			);
			runOnlyForDeploymentPostprocessing = 0;
		};
/* End PBXFrameworksBuildPhase section */

/* Begin PBXGroup section */
		72BCB1657F59EBAA4438F135 /* Frameworks */ = {
			isa = PBXGroup;
			children = (
				4E52604E3A6B38A2B1416E6A /* Pods_kakaogram.framework */,
			);
			name = Frameworks;
			sourceTree = "<group>";
		};
		737758C735F78C19819C4157 /* Pods */ = {
			isa = PBXGroup;
			children = (
				FFAA2B203AC359B832832ECD /* Pods-kakaogram.debug.xcconfig */,
				251C074965F2C1BA7631A333 /* Pods-kakaogram.release.xcconfig */,
			);
			name = Pods;
			sourceTree = "<group>";
		};
		CB5AD121210603440019BD40 /* Login */ = {
			isa = PBXGroup;
			children = (
				CB6DDC712103123700E1B133 /* LoginViewController.swift */,
			);
			path = Login;
			sourceTree = "<group>";
		};
		CB5AD1222106034F0019BD40 /* Feed */ = {
			isa = PBXGroup;
			children = (
				CB6DDC5A2102F78600E1B133 /* FeedViewController.swift */,
				CBD8E92621041C7A004CB37C /* FeedCollectionViewCell.swift */,
				CBD8E928210435A8004CB37C /* FeedDetailViewController.swift */,
			);
			path = Feed;
			sourceTree = "<group>";
		};
		CB5AD123210603810019BD40 /* Common */ = {
			isa = PBXGroup;
			children = (
				CB6DDC6F210310F900E1B133 /* Constants.swift */,
			);
			path = Common;
			sourceTree = "<group>";
		};
		CB6DDC4C2102F78600E1B133 = {
			isa = PBXGroup;
			children = (
				CB6DDC572102F78600E1B133 /* kakaogram */,
				CB6DDC562102F78600E1B133 /* Products */,
				737758C735F78C19819C4157 /* Pods */,
				72BCB1657F59EBAA4438F135 /* Frameworks */,
			);
			sourceTree = "<group>";
		};
		CB6DDC562102F78600E1B133 /* Products */ = {
			isa = PBXGroup;
			children = (
				CB6DDC552102F78600E1B133 /* kakaogram.app */,
			);
			name = Products;
			sourceTree = "<group>";
		};
		CB6DDC572102F78600E1B133 /* kakaogram */ = {
			isa = PBXGroup;
			children = (
				CB5AD123210603810019BD40 /* Common */,
				CB5AD1222106034F0019BD40 /* Feed */,
				CB5AD121210603440019BD40 /* Login */,
				CB6DDC6A2103068000E1B133 /* Models */,
				CB6DDC582102F78600E1B133 /* AppDelegate.swift */,
				CB6DDC5C2102F78600E1B133 /* Main.storyboard */,
				CB6DDC5F2102F78700E1B133 /* Assets.xcassets */,
				CB6DDC612102F78700E1B133 /* LaunchScreen.storyboard */,
				CB6DDC642102F78700E1B133 /* Info.plist */,
			);
			path = kakaogram;
			sourceTree = "<group>";
		};
		CB6DDC6A2103068000E1B133 /* Models */ = {
			isa = PBXGroup;
			children = (
				CB6DDC6B210306B100E1B133 /* InstagramData.swift */,
			);
			path = Models;
			sourceTree = "<group>";
		};
/* End PBXGroup section */

/* Begin PBXNativeTarget section */
		CB6DDC542102F78600E1B133 /* kakaogram */ = {
			isa = PBXNativeTarget;
			buildConfigurationList = CB6DDC672102F78700E1B133 /* Build configuration list for PBXNativeTarget "kakaogram" */;
			buildPhases = (
				EDD6D7887CA3A1645CB15466 /* [CP] Check Pods Manifest.lock */,
				CB6DDC512102F78600E1B133 /* Sources */,
				CB6DDC522102F78600E1B133 /* Frameworks */,
				CB6DDC532102F78600E1B133 /* Resources */,
				F0C3023E1F4A730368D4345E /* [CP] Embed Pods Frameworks */,
			);
			buildRules = (
			);
			dependencies = (
			);
			name = kakaogram;
			productName = kakaogram;
			productReference = CB6DDC552102F78600E1B133 /* kakaogram.app */;
			productType = "com.apple.product-type.application";
		};
/* End PBXNativeTarget section */

/* Begin PBXProject section */
		CB6DDC4D2102F78600E1B133 /* Project object */ = {
			isa = PBXProject;
			attributes = {
				LastSwiftUpdateCheck = 0940;
				LastUpgradeCheck = 0940;
				ORGANIZATIONNAME = myeongbu;
				TargetAttributes = {
					CB6DDC542102F78600E1B133 = {
						CreatedOnToolsVersion = 9.4.1;
					};
				};
			};
			buildConfigurationList = CB6DDC502102F78600E1B133 /* Build configuration list for PBXProject "kakaogram" */;
			compatibilityVersion = "Xcode 9.3";
			developmentRegion = en;
			hasScannedForEncodings = 0;
			knownRegions = (
				en,
				Base,
			);
			mainGroup = CB6DDC4C2102F78600E1B133;
			productRefGroup = CB6DDC562102F78600E1B133 /* Products */;
			projectDirPath = "";
			projectRoot = "";
			targets = (
				CB6DDC542102F78600E1B133 /* kakaogram */,
			);
		};
/* End PBXProject section */

/* Begin PBXResourcesBuildPhase section */
		CB6DDC532102F78600E1B133 /* Resources */ = {
			isa = PBXResourcesBuildPhase;
			buildActionMask = 2147483647;
			files = (
				CB6DDC632102F78700E1B133 /* LaunchScreen.storyboard in Resources */,
				CB6DDC602102F78700E1B133 /* Assets.xcassets in Resources */,
				CB6DDC5E2102F78600E1B133 /* Main.storyboard in Resources */,
			);
			runOnlyForDeploymentPostprocessing = 0;
		};
/* End PBXResourcesBuildPhase section */

/* Begin PBXShellScriptBuildPhase section */
		EDD6D7887CA3A1645CB15466 /* [CP] Check Pods Manifest.lock */ = {
			isa = PBXShellScriptBuildPhase;
			buildActionMask = 2147483647;
			files = (
			);
			inputPaths = (
				"${PODS_PODFILE_DIR_PATH}/Podfile.lock",
				"${PODS_ROOT}/Manifest.lock",
			);
			name = "[CP] Check Pods Manifest.lock";
			outputPaths = (
				"$(DERIVED_FILE_DIR)/Pods-kakaogram-checkManifestLockResult.txt",
			);
			runOnlyForDeploymentPostprocessing = 0;
			shellPath = /bin/sh;
			shellScript = "diff \"${PODS_PODFILE_DIR_PATH}/Podfile.lock\" \"${PODS_ROOT}/Manifest.lock\" > /dev/null\nif [ $? != 0 ] ; then\n    # print error to STDERR\n    echo \"error: The sandbox is not in sync with the Podfile.lock. Run 'pod install' or update your CocoaPods installation.\" >&2\n    exit 1\nfi\n# This output is used by Xcode 'outputs' to avoid re-running this script phase.\necho \"SUCCESS\" > \"${SCRIPT_OUTPUT_FILE_0}\"\n";
			showEnvVarsInLog = 0;
		};
		F0C3023E1F4A730368D4345E /* [CP] Embed Pods Frameworks */ = {
			isa = PBXShellScriptBuildPhase;
			buildActionMask = 2147483647;
			files = (
			);
			inputPaths = (
				"${SRCROOT}/Pods/Target Support Files/Pods-kakaogram/Pods-kakaogram-frameworks.sh",
				"${BUILT_PRODUCTS_DIR}/Alamofire/Alamofire.framework",
				"${BUILT_PRODUCTS_DIR}/AlamofireImage/AlamofireImage.framework",
				"${BUILT_PRODUCTS_DIR}/Differentiator/Differentiator.framework",
				"${BUILT_PRODUCTS_DIR}/ObjectMapper/ObjectMapper.framework",
				"${BUILT_PRODUCTS_DIR}/RxCocoa/RxCocoa.framework",
				"${BUILT_PRODUCTS_DIR}/RxDataSources/RxDataSources.framework",
				"${BUILT_PRODUCTS_DIR}/RxSwift/RxSwift.framework",
			);
			name = "[CP] Embed Pods Frameworks";
			outputPaths = (
				"${TARGET_BUILD_DIR}/${FRAMEWORKS_FOLDER_PATH}/Alamofire.framework",
				"${TARGET_BUILD_DIR}/${FRAMEWORKS_FOLDER_PATH}/AlamofireImage.framework",
				"${TARGET_BUILD_DIR}/${FRAMEWORKS_FOLDER_PATH}/Differentiator.framework",
				"${TARGET_BUILD_DIR}/${FRAMEWORKS_FOLDER_PATH}/ObjectMapper.framework",
				"${TARGET_BUILD_DIR}/${FRAMEWORKS_FOLDER_PATH}/RxCocoa.framework",
				"${TARGET_BUILD_DIR}/${FRAMEWORKS_FOLDER_PATH}/RxDataSources.framework",
				"${TARGET_BUILD_DIR}/${FRAMEWORKS_FOLDER_PATH}/RxSwift.framework",
			);
			runOnlyForDeploymentPostprocessing = 0;
			shellPath = /bin/sh;
			shellScript = "\"${SRCROOT}/Pods/Target Support Files/Pods-kakaogram/Pods-kakaogram-frameworks.sh\"\n";
			showEnvVarsInLog = 0;
		};
/* End PBXShellScriptBuildPhase section */

/* Begin PBXSourcesBuildPhase section */
		CB6DDC512102F78600E1B133 /* Sources */ = {
			isa = PBXSourcesBuildPhase;
			buildActionMask = 2147483647;
			files = (
				CB6DDC5B2102F78600E1B133 /* FeedViewController.swift in Sources */,
				CB6DDC6C210306B100E1B133 /* InstagramData.swift in Sources */,
				CBD8E92721041C7A004CB37C /* FeedCollectionViewCell.swift in Sources */,
				CB6DDC592102F78600E1B133 /* AppDelegate.swift in Sources */,
				CB6DDC722103123700E1B133 /* LoginViewController.swift in Sources */,
				CBD8E929210435A8004CB37C /* FeedDetailViewController.swift in Sources */,
				CB6DDC70210310F900E1B133 /* Constants.swift in Sources */,
			);
			runOnlyForDeploymentPostprocessing = 0;
		};
/* End PBXSourcesBuildPhase section */

/* Begin PBXVariantGroup section */
		CB6DDC5C2102F78600E1B133 /* Main.storyboard */ = {
			isa = PBXVariantGroup;
			children = (
				CB6DDC5D2102F78600E1B133 /* Base */,
			);
			name = Main.storyboard;
			sourceTree = "<group>";
		};
		CB6DDC612102F78700E1B133 /* LaunchScreen.storyboard */ = {
			isa = PBXVariantGroup;
			children = (
				CB6DDC622102F78700E1B133 /* Base */,
			);
			name = LaunchScreen.storyboard;
			sourceTree = "<group>";
		};
/* End PBXVariantGroup section */

/* Begin XCBuildConfiguration section */
		CB6DDC652102F78700E1B133 /* Debug */ = {
			isa = XCBuildConfiguration;
			buildSettings = {
				ALWAYS_SEARCH_USER_PATHS = NO;
				CLANG_ANALYZER_NONNULL = YES;
				CLANG_ANALYZER_NUMBER_OBJECT_CONVERSION = YES_AGGRESSIVE;
				CLANG_CXX_LANGUAGE_STANDARD = "gnu++14";
				CLANG_CXX_LIBRARY = "libc++";
				CLANG_ENABLE_MODULES = YES;
				CLANG_ENABLE_OBJC_ARC = YES;
				CLANG_ENABLE_OBJC_WEAK = YES;
				CLANG_WARN_BLOCK_CAPTURE_AUTORELEASING = YES;
				CLANG_WARN_BOOL_CONVERSION = YES;
				CLANG_WARN_COMMA = YES;
				CLANG_WARN_CONSTANT_CONVERSION = YES;
				CLANG_WARN_DEPRECATED_OBJC_IMPLEMENTATIONS = YES;
				CLANG_WARN_DIRECT_OBJC_ISA_USAGE = YES_ERROR;
				CLANG_WARN_DOCUMENTATION_COMMENTS = YES;
				CLANG_WARN_EMPTY_BODY = YES;
				CLANG_WARN_ENUM_CONVERSION = YES;
				CLANG_WARN_INFINITE_RECURSION = YES;
				CLANG_WARN_INT_CONVERSION = YES;
				CLANG_WARN_NON_LITERAL_NULL_CONVERSION = YES;
				CLANG_WARN_OBJC_IMPLICIT_RETAIN_SELF = YES;
				CLANG_WARN_OBJC_LITERAL_CONVERSION = YES;
				CLANG_WARN_OBJC_ROOT_CLASS = YES_ERROR;
				CLANG_WARN_RANGE_LOOP_ANALYSIS = YES;
				CLANG_WARN_STRICT_PROTOTYPES = YES;
				CLANG_WARN_SUSPICIOUS_MOVE = YES;
				CLANG_WARN_UNGUARDED_AVAILABILITY = YES_AGGRESSIVE;
				CLANG_WARN_UNREACHABLE_CODE = YES;
				CLANG_WARN__DUPLICATE_METHOD_MATCH = YES;
				CODE_SIGN_IDENTITY = "iPhone Developer";
				COPY_PHASE_STRIP = NO;
				DEBUG_INFORMATION_FORMAT = dwarf;
				ENABLE_STRICT_OBJC_MSGSEND = YES;
				ENABLE_TESTABILITY = YES;
				GCC_C_LANGUAGE_STANDARD = gnu11;
				GCC_DYNAMIC_NO_PIC = NO;
				GCC_NO_COMMON_BLOCKS = YES;
				GCC_OPTIMIZATION_LEVEL = 0;
				GCC_PREPROCESSOR_DEFINITIONS = (
					"DEBUG=1",
					"$(inherited)",
				);
				GCC_WARN_64_TO_32_BIT_CONVERSION = YES;
				GCC_WARN_ABOUT_RETURN_TYPE = YES_ERROR;
				GCC_WARN_UNDECLARED_SELECTOR = YES;
				GCC_WARN_UNINITIALIZED_AUTOS = YES_AGGRESSIVE;
				GCC_WARN_UNUSED_FUNCTION = YES;
				GCC_WARN_UNUSED_VARIABLE = YES;
				IPHONEOS_DEPLOYMENT_TARGET = 11.4;
				MTL_ENABLE_DEBUG_INFO = YES;
				ONLY_ACTIVE_ARCH = YES;
				SDKROOT = iphoneos;
				SWIFT_ACTIVE_COMPILATION_CONDITIONS = DEBUG;
				SWIFT_OPTIMIZATION_LEVEL = "-Onone";
			};
			name = Debug;
		};
		CB6DDC662102F78700E1B133 /* Release */ = {
			isa = XCBuildConfiguration;
			buildSettings = {
				ALWAYS_SEARCH_USER_PATHS = NO;
				CLANG_ANALYZER_NONNULL = YES;
				CLANG_ANALYZER_NUMBER_OBJECT_CONVERSION = YES_AGGRESSIVE;
				CLANG_CXX_LANGUAGE_STANDARD = "gnu++14";
				CLANG_CXX_LIBRARY = "libc++";
				CLANG_ENABLE_MODULES = YES;
				CLANG_ENABLE_OBJC_ARC = YES;
				CLANG_ENABLE_OBJC_WEAK = YES;
				CLANG_WARN_BLOCK_CAPTURE_AUTORELEASING = YES;
				CLANG_WARN_BOOL_CONVERSION = YES;
				CLANG_WARN_COMMA = YES;
				CLANG_WARN_CONSTANT_CONVERSION = YES;
				CLANG_WARN_DEPRECATED_OBJC_IMPLEMENTATIONS = YES;
				CLANG_WARN_DIRECT_OBJC_ISA_USAGE = YES_ERROR;
				CLANG_WARN_DOCUMENTATION_COMMENTS = YES;
				CLANG_WARN_EMPTY_BODY = YES;
				CLANG_WARN_ENUM_CONVERSION = YES;
				CLANG_WARN_INFINITE_RECURSION = YES;
				CLANG_WARN_INT_CONVERSION = YES;
				CLANG_WARN_NON_LITERAL_NULL_CONVERSION = YES;
				CLANG_WARN_OBJC_IMPLICIT_RETAIN_SELF = YES;
				CLANG_WARN_OBJC_LITERAL_CONVERSION = YES;
				CLANG_WARN_OBJC_ROOT_CLASS = YES_ERROR;
				CLANG_WARN_RANGE_LOOP_ANALYSIS = YES;
				CLANG_WARN_STRICT_PROTOTYPES = YES;
				CLANG_WARN_SUSPICIOUS_MOVE = YES;
				CLANG_WARN_UNGUARDED_AVAILABILITY = YES_AGGRESSIVE;
				CLANG_WARN_UNREACHABLE_CODE = YES;
				CLANG_WARN__DUPLICATE_METHOD_MATCH = YES;
				CODE_SIGN_IDENTITY = "iPhone Developer";
				COPY_PHASE_STRIP = NO;
				DEBUG_INFORMATION_FORMAT = "dwarf-with-dsym";
				ENABLE_NS_ASSERTIONS = NO;
				ENABLE_STRICT_OBJC_MSGSEND = YES;
				GCC_C_LANGUAGE_STANDARD = gnu11;
				GCC_NO_COMMON_BLOCKS = YES;
				GCC_WARN_64_TO_32_BIT_CONVERSION = YES;
				GCC_WARN_ABOUT_RETURN_TYPE = YES_ERROR;
				GCC_WARN_UNDECLARED_SELECTOR = YES;
				GCC_WARN_UNINITIALIZED_AUTOS = YES_AGGRESSIVE;
				GCC_WARN_UNUSED_FUNCTION = YES;
				GCC_WARN_UNUSED_VARIABLE = YES;
				IPHONEOS_DEPLOYMENT_TARGET = 11.4;
				MTL_ENABLE_DEBUG_INFO = NO;
				SDKROOT = iphoneos;
				SWIFT_COMPILATION_MODE = wholemodule;
				SWIFT_OPTIMIZATION_LEVEL = "-O";
				VALIDATE_PRODUCT = YES;
			};
			name = Release;
		};
		CB6DDC682102F78700E1B133 /* Debug */ = {
			isa = XCBuildConfiguration;
			baseConfigurationReference = FFAA2B203AC359B832832ECD /* Pods-kakaogram.debug.xcconfig */;
			buildSettings = {
				ASSETCATALOG_COMPILER_APPICON_NAME = AppIcon;
				CODE_SIGN_IDENTITY = "iPhone Developer";
				CODE_SIGN_STYLE = Automatic;
				DEVELOPMENT_TEAM = XGEQQR83SY;
				INFOPLIST_FILE = kakaogram/Info.plist;
				LD_RUNPATH_SEARCH_PATHS = (
					"$(inherited)",
					"@executable_path/Frameworks",
				);
				PRODUCT_BUNDLE_IDENTIFIER = myeongbu.kakaogram;
				PRODUCT_NAME = "$(TARGET_NAME)";
				PROVISIONING_PROFILE_SPECIFIER = "";
				SWIFT_VERSION = 4.0;
				TARGETED_DEVICE_FAMILY = "1,2";
			};
			name = Debug;
		};
		CB6DDC692102F78700E1B133 /* Release */ = {
			isa = XCBuildConfiguration;
			baseConfigurationReference = 251C074965F2C1BA7631A333 /* Pods-kakaogram.release.xcconfig */;
			buildSettings = {
				ASSETCATALOG_COMPILER_APPICON_NAME = AppIcon;
				CODE_SIGN_IDENTITY = "iPhone Developer";
				CODE_SIGN_STYLE = Automatic;
				DEVELOPMENT_TEAM = XGEQQR83SY;
				INFOPLIST_FILE = kakaogram/Info.plist;
				LD_RUNPATH_SEARCH_PATHS = (
					"$(inherited)",
					"@executable_path/Frameworks",
				);
				PRODUCT_BUNDLE_IDENTIFIER = myeongbu.kakaogram;
				PRODUCT_NAME = "$(TARGET_NAME)";
				PROVISIONING_PROFILE_SPECIFIER = "";
				SWIFT_VERSION = 4.0;
				TARGETED_DEVICE_FAMILY = "1,2";
			};
			name = Release;
		};
/* End XCBuildConfiguration section */

/* Begin XCConfigurationList section */
		CB6DDC502102F78600E1B133 /* Build configuration list for PBXProject "kakaogram" */ = {
			isa = XCConfigurationList;
			buildConfigurations = (
				CB6DDC652102F78700E1B133 /* Debug */,
				CB6DDC662102F78700E1B133 /* Release */,
			);
			defaultConfigurationIsVisible = 0;
			defaultConfigurationName = Release;
		};
		CB6DDC672102F78700E1B133 /* Build configuration list for PBXNativeTarget "kakaogram" */ = {
			isa = XCConfigurationList;
			buildConfigurations = (
				CB6DDC682102F78700E1B133 /* Debug */,
				CB6DDC692102F78700E1B133 /* Release */,
			);
			defaultConfigurationIsVisible = 0;
			defaultConfigurationName = Release;
		};
/* End XCConfigurationList section */
	};
	rootObject = CB6DDC4D2102F78600E1B133 /* Project object */;
}
